
Microsoft Visual Studio Solution File, Format Version 11.00
# Visual Studio 2010
Project("{FAE04EC0-301F-11D3-BF4B-00C04F79EFBC}") = "ddt", "Assembly-CSharp.csproj", "{F456DC95-BE37-299A-03B9-64F4915C63AD}"
EndProject
Project("{FAE04EC0-301F-11D3-BF4B-00C04F79EFBC}") = "ddt", "Assembly-CSharp-Editor.csproj", "{9DFFB459-94D3-03B3-64B3-6EC5BFCD50C3}"
EndProject
Global
	GlobalSection(SolutionConfigurationPlatforms) = preSolution
		Debug|Any CPU = Debug|Any CPU
		Release|Any CPU = Release|Any CPU
	EndGlobalSection
	GlobalSection(ProjectConfigurationPlatforms) = postSolution
		{F456DC95-BE37-299A-03B9-64F4915C63AD}.Debug|Any CPU.ActiveCfg = Debug|Any CPU
		{F456DC95-BE37-299A-03B9-64F4915C63AD}.Debug|Any CPU.Build.0 = Debug|Any CPU
		{F456DC95-BE37-299A-03B9-64F4915C63AD}.Release|Any CPU.ActiveCfg = Release|Any CPU
		{F456DC95-BE37-299A-03B9-64F4915C63AD}.Release|Any CPU.Build.0 = Release|Any CPU
		{9DFFB459-94D3-03B3-64B3-6EC5BFCD50C3}.Debug|Any CPU.ActiveCfg = Debug|Any CPU
		{9DFFB459-94D3-03B3-64B3-6EC5BFCD50C3}.Debug|Any CPU.Build.0 = Debug|Any CPU
		{9DFFB459-94D3-03B3-64B3-6EC5BFCD50C3}.Release|Any CPU.ActiveCfg = Release|Any CPU
		{9DFFB459-94D3-03B3-64B3-6EC5BFCD50C3}.Release|Any CPU.Build.0 = Release|Any CPU
	EndGlobalSection
	GlobalSection(SolutionProperties) = preSolution
		HideSolutionNode = FALSE
	EndGlobalSection
	GlobalSection(MonoDevelopProperties) = preSolution
		StartupItem = Assembly-CSharp.csproj
	EndGlobalSection
EndGlobal
